// !$*UTF8*$!
{
	archiveVersion = 1;
	classes = {
	};
	objectVersion = 46;
	objects = {

/* Begin PBXBuildFile section */
		B142B1D41AE0AA9E00C04354 /* AppDelegate.m in Sources */ = {isa = PBXBuildFile; fileRef = B142B1D31AE0AA9E00C04354 /* AppDelegate.m */; };
		B142B1D61AE0AA9E00C04354 /* main.m in Sources */ = {isa = PBXBuildFile; fileRef = B142B1D51AE0AA9E00C04354 /* main.m */; };
		B142B1D91AE0AA9E00C04354 /* ViewController.m in Sources */ = {isa = PBXBuildFile; fileRef = B142B1D81AE0AA9E00C04354 /* ViewController.m */; };
		B142B1DC1AE0AA9E00C04354 /* Document.m in Sources */ = {isa = PBXBuildFile; fileRef = B142B1DB1AE0AA9E00C04354 /* Document.m */; };
		B142B1DE1AE0AA9E00C04354 /* Images.xcassets in Resources */ = {isa = PBXBuildFile; fileRef = B142B1DD1AE0AA9E00C04354 /* Images.xcassets */; };
		B142B1E11AE0AA9E00C04354 /* Main.storyboard in Resources */ = {isa = PBXBuildFile; fileRef = B142B1DF1AE0AA9E00C04354 /* Main.storyboard */; };
		B142B1ED1AE0AA9E00C04354 /* TahDoodleTests.m in Sources */ = {isa = PBXBuildFile; fileRef = B142B1EC1AE0AA9E00C04354 /* TahDoodleTests.m */; };
/* End PBXBuildFile section */

/* Begin PBXContainerItemProxy section */
		B142B1E71AE0AA9E00C04354 /* PBXContainerItemProxy */ = {
			isa = PBXContainerItemProxy;
			containerPortal = B142B1C51AE0AA9E00C04354 /* Project object */;
			proxyType = 1;
			remoteGlobalIDString = B142B1CC1AE0AA9E00C04354;
			remoteInfo = TahDoodle;
		};
/* End PBXContainerItemProxy section */

/* Begin PBXFileReference section */
		B142B1CD1AE0AA9E00C04354 /* TahDoodle.app */ = {isa = PBXFileReference; explicitFileType = wrapper.application; includeInIndex = 0; path = TahDoodle.app; sourceTree = BUILT_PRODUCTS_DIR; };
		B142B1D11AE0AA9E00C04354 /* Info.plist */ = {isa = PBXFileReference; lastKnownFileType = text.plist.xml; path = Info.plist; sourceTree = "<group>"; };
		B142B1D21AE0AA9E00C04354 /* AppDelegate.h */ = {isa = PBXFileReference; lastKnownFileType = sourcecode.c.h; path = AppDelegate.h; sourceTree = "<group>"; };
		B142B1D31AE0AA9E00C04354 /* AppDelegate.m */ = {isa = PBXFileReference; lastKnownFileType = sourcecode.c.objc; path = AppDelegate.m; sourceTree = "<group>"; };
		B142B1D51AE0AA9E00C04354 /* main.m */ = {isa = PBXFileReference; lastKnownFileType = sourcecode.c.objc; path = main.m; sourceTree = "<group>"; };
		B142B1D71AE0AA9E00C04354 /* ViewController.h */ = {isa = PBXFileReference; lastKnownFileType = sourcecode.c.h; path = ViewController.h; sourceTree = "<group>"; };
		B142B1D81AE0AA9E00C04354 /* ViewController.m */ = {isa = PBXFileReference; lastKnownFileType = sourcecode.c.objc; path = ViewController.m; sourceTree = "<group>"; };
		B142B1DA1AE0AA9E00C04354 /* Document.h */ = {isa = PBXFileReference; lastKnownFileType = sourcecode.c.h; path = Document.h; sourceTree = "<group>"; };
		B142B1DB1AE0AA9E00C04354 /* Document.m */ = {isa = PBXFileReference; lastKnownFileType = sourcecode.c.objc; path = Document.m; sourceTree = "<group>"; };
		B142B1DD1AE0AA9E00C04354 /* Images.xcassets */ = {isa = PBXFileReference; lastKnownFileType = folder.assetcatalog; path = Images.xcassets; sourceTree = "<group>"; };
		B142B1E01AE0AA9E00C04354 /* Base */ = {isa = PBXFileReference; lastKnownFileType = file.storyboard; name = Base; path = Base.lproj/Main.storyboard; sourceTree = "<group>"; };
		B142B1E61AE0AA9E00C04354 /* TahDoodleTests.xctest */ = {isa = PBXFileReference; explicitFileType = wrapper.cfbundle; includeInIndex = 0; path = TahDoodleTests.xctest; sourceTree = BUILT_PRODUCTS_DIR; };
		B142B1EB1AE0AA9E00C04354 /* Info.plist */ = {isa = PBXFileReference; lastKnownFileType = text.plist.xml; path = Info.plist; sourceTree = "<group>"; };
		B142B1EC1AE0AA9E00C04354 /* TahDoodleTests.m */ = {isa = PBXFileReference; lastKnownFileType = sourcecode.c.objc; path = TahDoodleTests.m; sourceTree = "<group>"; };
/* End PBXFileReference section */

/* Begin PBXFrameworksBuildPhase section */
		B142B1CA1AE0AA9E00C04354 /* Frameworks */ = {
			isa = PBXFrameworksBuildPhase;
			buildActionMask = 2147483647;
			files = (
			);
			runOnlyForDeploymentPostprocessing = 0;
		};
		B142B1E31AE0AA9E00C04354 /* Frameworks */ = {
			isa = PBXFrameworksBuildPhase;
			buildActionMask = 2147483647;
			files = (
			);
			runOnlyForDeploymentPostprocessing = 0;
		};
/* End PBXFrameworksBuildPhase section */

/* Begin PBXGroup section */
		B142B1C41AE0AA9E00C04354 = {
			isa = PBXGroup;
			children = (
				B142B1CF1AE0AA9E00C04354 /* TahDoodle */,
				B142B1E91AE0AA9E00C04354 /* TahDoodleTests */,
				B142B1CE1AE0AA9E00C04354 /* Products */,
			);
			sourceTree = "<group>";
		};
		B142B1CE1AE0AA9E00C04354 /* Products */ = {
			isa = PBXGroup;
			children = (
				B142B1CD1AE0AA9E00C04354 /* TahDoodle.app */,
				B142B1E61AE0AA9E00C04354 /* TahDoodleTests.xctest */,
			);
			name = Products;
			sourceTree = "<group>";
		};
		B142B1CF1AE0AA9E00C04354 /* TahDoodle */ = {
			isa = PBXGroup;
			children = (
				B142B1D21AE0AA9E00C04354 /* AppDelegate.h */,
				B142B1D31AE0AA9E00C04354 /* AppDelegate.m */,
				B142B1D71AE0AA9E00C04354 /* ViewController.h */,
				B142B1D81AE0AA9E00C04354 /* ViewController.m */,
				B142B1DA1AE0AA9E00C04354 /* Document.h */,
				B142B1DB1AE0AA9E00C04354 /* Document.m */,
				B142B1DD1AE0AA9E00C04354 /* Images.xcassets */,
				B142B1DF1AE0AA9E00C04354 /* Main.storyboard */,
				B142B1D01AE0AA9E00C04354 /* Supporting Files */,
			);
			path = TahDoodle;
			sourceTree = "<group>";
		};
		B142B1D01AE0AA9E00C04354 /* Supporting Files */ = {
			isa = PBXGroup;
			children = (
				B142B1D11AE0AA9E00C04354 /* Info.plist */,
				B142B1D51AE0AA9E00C04354 /* main.m */,
			);
			name = "Supporting Files";
			sourceTree = "<group>";
		};
		B142B1E91AE0AA9E00C04354 /* TahDoodleTests */ = {
			isa = PBXGroup;
			children = (
				B142B1EC1AE0AA9E00C04354 /* TahDoodleTests.m */,
				B142B1EA1AE0AA9E00C04354 /* Supporting Files */,
			);
			path = TahDoodleTests;
			sourceTree = "<group>";
		};
		B142B1EA1AE0AA9E00C04354 /* Supporting Files */ = {
			isa = PBXGroup;
			children = (
				B142B1EB1AE0AA9E00C04354 /* Info.plist */,
			);
			name = "Supporting Files";
			sourceTree = "<group>";
		};
/* End PBXGroup section */

/* Begin PBXNativeTarget section */
		B142B1CC1AE0AA9E00C04354 /* TahDoodle */ = {
			isa = PBXNativeTarget;
			buildConfigurationList = B142B1F01AE0AA9E00C04354 /* Build configuration list for PBXNativeTarget "TahDoodle" */;
			buildPhases = (
				B142B1C91AE0AA9E00C04354 /* Sources */,
				B142B1CA1AE0AA9E00C04354 /* Frameworks */,
				B142B1CB1AE0AA9E00C04354 /* Resources */,
			);
			buildRules = (
			);
			dependencies = (
			);
			name = TahDoodle;
			productName = TahDoodle;
			productReference = B142B1CD1AE0AA9E00C04354 /* TahDoodle.app */;
			productType = "com.apple.product-type.application";
		};
		B142B1E51AE0AA9E00C04354 /* TahDoodleTests */ = {
			isa = PBXNativeTarget;
			buildConfigurationList = B142B1F31AE0AA9E00C04354 /* Build configuration list for PBXNativeTarget "TahDoodleTests" */;
			buildPhases = (
				B142B1E21AE0AA9E00C04354 /* Sources */,
				B142B1E31AE0AA9E00C04354 /* Frameworks */,
				B142B1E41AE0AA9E00C04354 /* Resources */,
			);
			buildRules = (
			);
			dependencies = (
				B142B1E81AE0AA9E00C04354 /* PBXTargetDependency */,
			);
			name = TahDoodleTests;
			productName = TahDoodleTests;
			productReference = B142B1E61AE0AA9E00C04354 /* TahDoodleTests.xctest */;
			productType = "com.apple.product-type.bundle.unit-test";
		};
/* End PBXNativeTarget section */

/* Begin PBXProject section */
		B142B1C51AE0AA9E00C04354 /* Project object */ = {
			isa = PBXProject;
			attributes = {
				LastUpgradeCheck = 0630;
				ORGANIZATIONNAME = FunderDevelopment;
				TargetAttributes = {
					B142B1CC1AE0AA9E00C04354 = {
						CreatedOnToolsVersion = 6.3;
					};
					B142B1E51AE0AA9E00C04354 = {
						CreatedOnToolsVersion = 6.3;
						TestTargetID = B142B1CC1AE0AA9E00C04354;
					};
				};
			};
			buildConfigurationList = B142B1C81AE0AA9E00C04354 /* Build configuration list for PBXProject "TahDoodle" */;
			compatibilityVersion = "Xcode 3.2";
			developmentRegion = English;
			hasScannedForEncodings = 0;
			knownRegions = (
				en,
				Base,
			);
			mainGroup = B142B1C41AE0AA9E00C04354;
			productRefGroup = B142B1CE1AE0AA9E00C04354 /* Products */;
			projectDirPath = "";
			projectRoot = "";
			targets = (
				B142B1CC1AE0AA9E00C04354 /* TahDoodle */,
				B142B1E51AE0AA9E00C04354 /* TahDoodleTests */,
			);
		};
/* End PBXProject section */

/* Begin PBXResourcesBuildPhase section */
		B142B1CB1AE0AA9E00C04354 /* Resources */ = {
			isa = PBXResourcesBuildPhase;
			buildActionMask = 2147483647;
			files = (
				B142B1DE1AE0AA9E00C04354 /* Images.xcassets in Resources */,
				B142B1E11AE0AA9E00C04354 /* Main.storyboard in Resources */,
			);
			runOnlyForDeploymentPostprocessing = 0;
		};
		B142B1E41AE0AA9E00C04354 /* Resources */ = {
			isa = PBXResourcesBuildPhase;
			buildActionMask = 2147483647;
			files = (
			);
			runOnlyForDeploymentPostprocessing = 0;
		};
/* End PBXResourcesBuildPhase section */

/* Begin PBXSourcesBuildPhase section */
		B142B1C91AE0AA9E00C04354 /* Sources */ = {
			isa = PBXSourcesBuildPhase;
			buildActionMask = 2147483647;
			files = (
				B142B1DC1AE0AA9E00C04354 /* Document.m in Sources */,
				B142B1D91AE0AA9E00C04354 /* ViewController.m in Sources */,
				B142B1D61AE0AA9E00C04354 /* main.m in Sources */,
				B142B1D41AE0AA9E00C04354 /* AppDelegate.m in Sources */,
			);
			runOnlyForDeploymentPostprocessing = 0;
		};
		B142B1E21AE0AA9E00C04354 /* Sources */ = {
			isa = PBXSourcesBuildPhase;
			buildActionMask = 2147483647;
			files = (
				B142B1ED1AE0AA9E00C04354 /* TahDoodleTests.m in Sources */,
			);
			runOnlyForDeploymentPostprocessing = 0;
		};
/* End PBXSourcesBuildPhase section */

/* Begin PBXTargetDependency section */
		B142B1E81AE0AA9E00C04354 /* PBXTargetDependency */ = {
			isa = PBXTargetDependency;
			target = B142B1CC1AE0AA9E00C04354 /* TahDoodle */;
			targetProxy = B142B1E71AE0AA9E00C04354 /* PBXContainerItemProxy */;
		};
/* End PBXTargetDependency section */

/* Begin PBXVariantGroup section */
		B142B1DF1AE0AA9E00C04354 /* Main.storyboard */ = {
			isa = PBXVariantGroup;
			children = (
				B142B1E01AE0AA9E00C04354 /* Base */,
			);
			name = Main.storyboard;
			sourceTree = "<group>";
		};
/* End PBXVariantGroup section */

/* Begin XCBuildConfiguration section */
		B142B1EE1AE0AA9E00C04354 /* Debug */ = {
			isa = XCBuildConfiguration;
			buildSettings = {
				ALWAYS_SEARCH_USER_PATHS = NO;
				CLANG_CXX_LANGUAGE_STANDARD = "gnu++0x";
				CLANG_CXX_LIBRARY = "libc++";
				CLANG_ENABLE_MODULES = YES;
				CLANG_ENABLE_OBJC_ARC = YES;
				CLANG_WARN_BOOL_CONVERSION = YES;
				CLANG_WARN_CONSTANT_CONVERSION = YES;
				CLANG_WARN_DIRECT_OBJC_ISA_USAGE = YES_ERROR;
				CLANG_WARN_EMPTY_BODY = YES;
				CLANG_WARN_ENUM_CONVERSION = YES;
				CLANG_WARN_INT_CONVERSION = YES;
				CLANG_WARN_OBJC_ROOT_CLASS = YES_ERROR;
				CLANG_WARN_UNREACHABLE_CODE = YES;
				CLANG_WARN__DUPLICATE_METHOD_MATCH = YES;
				CODE_SIGN_IDENTITY = "-";
				COPY_PHASE_STRIP = NO;
				DEBUG_INFORMATION_FORMAT = dwarf;
				ENABLE_STRICT_OBJC_MSGSEND = YES;
				GCC_C_LANGUAGE_STANDARD = gnu99;
				GCC_DYNAMIC_NO_PIC = NO;
				GCC_NO_COMMON_BLOCKS = YES;
				GCC_OPTIMIZATION_LEVEL = 0;
				GCC_PREPROCESSOR_DEFINITIONS = (
					"DEBUG=1",
					"$(inherited)",
				);
				GCC_SYMBOLS_PRIVATE_EXTERN = NO;
				GCC_WARN_64_TO_32_BIT_CONVERSION = YES;
				GCC_WARN_ABOUT_RETURN_TYPE = YES_ERROR;
				GCC_WARN_UNDECLARED_SELECTOR = YES;
				GCC_WARN_UNINITIALIZED_AUTOS = YES_AGGRESSIVE;
				GCC_WARN_UNUSED_FUNCTION = YES;
				GCC_WARN_UNUSED_VARIABLE = YES;
				MACOSX_DEPLOYMENT_TARGET = 10.10;
				MTL_ENABLE_DEBUG_INFO = YES;
				ONLY_ACTIVE_ARCH = YES;
				SDKROOT = macosx;
			};
			name = Debug;
		};
		B142B1EF1AE0AA9E00C04354 /* Release */ = {
			isa = XCBuildConfiguration;
			buildSettings = {
				ALWAYS_SEARCH_USER_PATHS = NO;
				CLANG_CXX_LANGUAGE_STANDARD = "gnu++0x";
				CLANG_CXX_LIBRARY = "libc++";
				CLANG_ENABLE_MODULES = YES;
				CLANG_ENABLE_OBJC_ARC = YES;
				CLANG_WARN_BOOL_CONVERSION = YES;
				CLANG_WARN_CONSTANT_CONVERSION = YES;
				CLANG_WARN_DIRECT_OBJC_ISA_USAGE = YES_ERROR;
				CLANG_WARN_EMPTY_BODY = YES;
				CLANG_WARN_ENUM_CONVERSION = YES;
				CLANG_WARN_INT_CONVERSION = YES;
				CLANG_WARN_OBJC_ROOT_CLASS = YES_ERROR;
				CLANG_WARN_UNREACHABLE_CODE = YES;
				CLANG_WARN__DUPLICATE_METHOD_MATCH = YES;
				CODE_SIGN_IDENTITY = "-";
				COPY_PHASE_STRIP = NO;
				DEBUG_INFORMATION_FORMAT = "dwarf-with-dsym";
				ENABLE_NS_ASSERTIONS = NO;
				ENABLE_STRICT_OBJC_MSGSEND = YES;
				GCC_C_LANGUAGE_STANDARD = gnu99;
				GCC_NO_COMMON_BLOCKS = YES;
				GCC_WARN_64_TO_32_BIT_CONVERSION = YES;
				GCC_WARN_ABOUT_RETURN_TYPE = YES_ERROR;
				GCC_WARN_UNDECLARED_SELECTOR = YES;
				GCC_WARN_UNINITIALIZED_AUTOS = YES_AGGRESSIVE;
				GCC_WARN_UNUSED_FUNCTION = YES;
				GCC_WARN_UNUSED_VARIABLE = YES;
				MACOSX_DEPLOYMENT_TARGET = 10.10;
				MTL_ENABLE_DEBUG_INFO = NO;
				SDKROOT = macosx;
			};
			name = Release;
		};
		B142B1F11AE0AA9E00C04354 /* Debug */ = {
			isa = XCBuildConfiguration;
			buildSettings = {
				ASSETCATALOG_COMPILER_APPICON_NAME = AppIcon;
				COMBINE_HIDPI_IMAGES = YES;
				INFOPLIST_FILE = TahDoodle/Info.plist;
				LD_RUNPATH_SEARCH_PATHS = "$(inherited) @executable_path/../Frameworks";
				PRODUCT_NAME = "$(TARGET_NAME)";
			};
			name = Debug;
		};
		B142B1F21AE0AA9E00C04354 /* Release */ = {
			isa = XCBuildConfiguration;
			buildSettings = {
				ASSETCATALOG_COMPILER_APPICON_NAME = AppIcon;
				COMBINE_HIDPI_IMAGES = YES;
				INFOPLIST_FILE = TahDoodle/Info.plist;
				LD_RUNPATH_SEARCH_PATHS = "$(inherited) @executable_path/../Frameworks";
				PRODUCT_NAME = "$(TARGET_NAME)";
			};
			name = Release;
		};
		B142B1F41AE0AA9E00C04354 /* Debug */ = {
			isa = XCBuildConfiguration;
			buildSettings = {
				BUNDLE_LOADER = "$(TEST_HOST)";
				COMBINE_HIDPI_IMAGES = YES;
				FRAMEWORK_SEARCH_PATHS = (
					"$(DEVELOPER_FRAMEWORKS_DIR)",
					"$(inherited)",
				);
				GCC_PREPROCESSOR_DEFINITIONS = (
					"DEBUG=1",
					"$(inherited)",
				);
				INFOPLIST_FILE = TahDoodleTests/Info.plist;
				LD_RUNPATH_SEARCH_PATHS = "$(inherited) @executable_path/../Frameworks @loader_path/../Frameworks";
				PRODUCT_NAME = "$(TARGET_NAME)";
				TEST_HOST = "$(BUILT_PRODUCTS_DIR)/TahDoodle.app/Contents/MacOS/TahDoodle";
			};
			name = Debug;
		};
		B142B1F51AE0AA9E00C04354 /* Release */ = {
			isa = XCBuildConfiguration;
			buildSettings = {
				BUNDLE_LOADER = "$(TEST_HOST)";
				COMBINE_HIDPI_IMAGES = YES;
				FRAMEWORK_SEARCH_PATHS = (
					"$(DEVELOPER_FRAMEWORKS_DIR)",
					"$(inherited)",
				);
				INFOPLIST_FILE = TahDoodleTests/Info.plist;
				LD_RUNPATH_SEARCH_PATHS = "$(inherited) @executable_path/../Frameworks @loader_path/../Frameworks";
				PRODUCT_NAME = "$(TARGET_NAME)";
				TEST_HOST = "$(BUILT_PRODUCTS_DIR)/TahDoodle.app/Contents/MacOS/TahDoodle";
			};
			name = Release;
		};
/* End XCBuildConfiguration section */

/* Begin XCConfigurationList section */
		B142B1C81AE0AA9E00C04354 /* Build configuration list for PBXProject "TahDoodle" */ = {
			isa = XCConfigurationList;
			buildConfigurations = (
				B142B1EE1AE0AA9E00C04354 /* Debug */,
				B142B1EF1AE0AA9E00C04354 /* Release */,
			);
			defaultConfigurationIsVisible = 0;
			defaultConfigurationName = Release;
		};
		B142B1F01AE0AA9E00C04354 /* Build configuration list for PBXNativeTarget "TahDoodle" */ = {
			isa = XCConfigurationList;
			buildConfigurations = (
				B142B1F11AE0AA9E00C04354 /* Debug */,
				B142B1F21AE0AA9E00C04354 /* Release */,
			);
			defaultConfigurationIsVisible = 0;
		};
		B142B1F31AE0AA9E00C04354 /* Build configuration list for PBXNativeTarget "TahDoodleTests" */ = {
			isa = XCConfigurationList;
			buildConfigurations = (
				B142B1F41AE0AA9E00C04354 /* Debug */,
				B142B1F51AE0AA9E00C04354 /* Release */,
			);
			defaultConfigurationIsVisible = 0;
		};
/* End XCConfigurationList section */
	};
	rootObject = B142B1C51AE0AA9E00C04354 /* Project object */;
}
